// !$*UTF8*$!
{
	archiveVersion = 1;
	classes = {
	};
	objectVersion = 46;
	objects = {

/* Begin PBXBuildFile section */
		5200BB1315B59DDD00794705 /* ViewController.mm in Sources */ = {isa = PBXBuildFile; fileRef = DA7726DA15B2E69C008195A1 /* ViewController.mm */; };
		5200BB1415B59DDD00794705 /* Database.xcdatamodeld in Sources */ = {isa = PBXBuildFile; fileRef = 52AF9A4B15B42826008FC1CC /* Database.xcdatamodeld */; };
		5200BB1515B59DDD00794705 /* _SearchResult.m in Sources */ = {isa = PBXBuildFile; fileRef = 52AF9A5715B42980008FC1CC /* _SearchResult.m */; };
		5200BB1615B59DDD00794705 /* SearchResult.m in Sources */ = {isa = PBXBuildFile; fileRef = 52AF9A5A15B4298A008FC1CC /* SearchResult.m */; };
		5200BB1715B59DDD00794705 /* configureRestKit.m in Sources */ = {isa = PBXBuildFile; fileRef = 52AF9A5D15B429F2008FC1CC /* configureRestKit.m */; };
		5200BB1A15B59DDD00794705 /* BingPaginator.m in Sources */ = {isa = PBXBuildFile; fileRef = 52F773E915B58868006D416F /* BingPaginator.m */; };
		5200BB1C15B59DDD00794705 /* ImageIO.framework in Frameworks */ = {isa = PBXBuildFile; fileRef = 52AF9A7115B432F8008FC1CC /* ImageIO.framework */; };
		5200BB1F15B59DDD00794705 /* QuartzCore.framework in Frameworks */ = {isa = PBXBuildFile; fileRef = 52AF9A3115B427E3008FC1CC /* QuartzCore.framework */; };
		5200BB2015B59DDD00794705 /* libxml2.dylib in Frameworks */ = {isa = PBXBuildFile; fileRef = 52AF9A2F15B427DE008FC1CC /* libxml2.dylib */; };
		5200BB2115B59DDD00794705 /* SystemConfiguration.framework in Frameworks */ = {isa = PBXBuildFile; fileRef = 52AF9A2D15B427DA008FC1CC /* SystemConfiguration.framework */; };
		5200BB2215B59DDD00794705 /* MobileCoreServices.framework in Frameworks */ = {isa = PBXBuildFile; fileRef = 52AF9A2B15B427D5008FC1CC /* MobileCoreServices.framework */; };
		5200BB2315B59DDD00794705 /* Security.framework in Frameworks */ = {isa = PBXBuildFile; fileRef = 52AF9A2915B427D1008FC1CC /* Security.framework */; };
		5200BB2415B59DDD00794705 /* CoreData.framework in Frameworks */ = {isa = PBXBuildFile; fileRef = 52AF9A2715B427CC008FC1CC /* CoreData.framework */; };
		5200BB2515B59DDD00794705 /* CFNetwork.framework in Frameworks */ = {isa = PBXBuildFile; fileRef = 52AF9A2515B427C8008FC1CC /* CFNetwork.framework */; };
		5200BB2715B59DDD00794705 /* UIKit.framework in Frameworks */ = {isa = PBXBuildFile; fileRef = DA7726C115B2E69C008195A1 /* UIKit.framework */; };
		5200BB2815B59DDD00794705 /* Foundation.framework in Frameworks */ = {isa = PBXBuildFile; fileRef = DA7726C315B2E69C008195A1 /* Foundation.framework */; };
		5200BB2915B59DDD00794705 /* CoreGraphics.framework in Frameworks */ = {isa = PBXBuildFile; fileRef = DA7726C515B2E69C008195A1 /* CoreGraphics.framework */; };
		5200BB2B15B59DDD00794705 /* InfoPlist.strings in Resources */ = {isa = PBXBuildFile; fileRef = DA7726CA15B2E69C008195A1 /* InfoPlist.strings */; };
		5200BB2C15B59DDD00794705 /* MainStoryboard_iPhone.storyboard in Resources */ = {isa = PBXBuildFile; fileRef = DA7726D315B2E69C008195A1 /* MainStoryboard_iPhone.storyboard */; };
		5200BB2D15B59DDD00794705 /* MainStoryboard_iPad.storyboard in Resources */ = {isa = PBXBuildFile; fileRef = DA7726D615B2E69C008195A1 /* MainStoryboard_iPad.storyboard */; };
		5200BBA215B5AAD500794705 /* GHUnitIOS.framework in Frameworks */ = {isa = PBXBuildFile; fileRef = 5200BBA115B5AAD500794705 /* GHUnitIOS.framework */; };
		5200BBA315B5AB6E00794705 /* main.m in Sources */ = {isa = PBXBuildFile; fileRef = 5200BAFF15B59DC300794705 /* main.m */; };
		5200BBA615B5AC7F00794705 /* DataProviderTest.m in Sources */ = {isa = PBXBuildFile; fileRef = 5200BBA515B5AC7F00794705 /* DataProviderTest.m */; };
		5209EABC15BD6F07005A0983 /* PhysicalWorldView.mm in Sources */ = {isa = PBXBuildFile; fileRef = 5209EABB15BD6F07005A0983 /* PhysicalWorldView.mm */; };
		5209EABD15BD6F07005A0983 /* PhysicalWorldView.mm in Sources */ = {isa = PBXBuildFile; fileRef = 5209EABB15BD6F07005A0983 /* PhysicalWorldView.mm */; };
		5209EAC115BD7647005A0983 /* ImageDetailView.m in Sources */ = {isa = PBXBuildFile; fileRef = 5209EAC015BD7647005A0983 /* ImageDetailView.m */; };
		5209EAC215BD7647005A0983 /* ImageDetailView.m in Sources */ = {isa = PBXBuildFile; fileRef = 5209EAC015BD7647005A0983 /* ImageDetailView.m */; };
		5209EAC415BD768E005A0983 /* ImageDetailView.xib in Resources */ = {isa = PBXBuildFile; fileRef = 5209EAC315BD768E005A0983 /* ImageDetailView.xib */; };
		5209EAC515BD768E005A0983 /* ImageDetailView.xib in Resources */ = {isa = PBXBuildFile; fileRef = 5209EAC315BD768E005A0983 /* ImageDetailView.xib */; };
		52102ED515CBFE68003C4115 /* SVProgressHUD.m in Sources */ = {isa = PBXBuildFile; fileRef = 52102ED415CBFE68003C4115 /* SVProgressHUD.m */; };
		52102ED615CBFE68003C4115 /* SVProgressHUD.m in Sources */ = {isa = PBXBuildFile; fileRef = 52102ED415CBFE68003C4115 /* SVProgressHUD.m */; };
		52102ED815CBFE70003C4115 /* SVProgressHUD.bundle in Resources */ = {isa = PBXBuildFile; fileRef = 52102ED715CBFE70003C4115 /* SVProgressHUD.bundle */; };
		52102ED915CBFE70003C4115 /* SVProgressHUD.bundle in Resources */ = {isa = PBXBuildFile; fileRef = 52102ED715CBFE70003C4115 /* SVProgressHUD.bundle */; };
		524E69DB15C0074500374314 /* LoadingView.m in Sources */ = {isa = PBXBuildFile; fileRef = 524E69DA15C0074500374314 /* LoadingView.m */; };
		524E69DC15C0074500374314 /* LoadingView.m in Sources */ = {isa = PBXBuildFile; fileRef = 524E69DA15C0074500374314 /* LoadingView.m */; };
		524E69DF15C0145F00374314 /* bubble@2x.png in Resources */ = {isa = PBXBuildFile; fileRef = 524E69DE15C0145F00374314 /* bubble@2x.png */; };
		524E69E015C0145F00374314 /* bubble@2x.png in Resources */ = {isa = PBXBuildFile; fileRef = 524E69DE15C0145F00374314 /* bubble@2x.png */; };
		524E69E515C0171C00374314 /* libSDWebImageARC.a in Frameworks */ = {isa = PBXBuildFile; fileRef = 524E69E415C0171C00374314 /* libSDWebImageARC.a */; };
		52AF9A2615B427C8008FC1CC /* CFNetwork.framework in Frameworks */ = {isa = PBXBuildFile; fileRef = 52AF9A2515B427C8008FC1CC /* CFNetwork.framework */; };
		52AF9A2815B427CC008FC1CC /* CoreData.framework in Frameworks */ = {isa = PBXBuildFile; fileRef = 52AF9A2715B427CC008FC1CC /* CoreData.framework */; };
		52AF9A2A15B427D1008FC1CC /* Security.framework in Frameworks */ = {isa = PBXBuildFile; fileRef = 52AF9A2915B427D1008FC1CC /* Security.framework */; };
		52AF9A2C15B427D5008FC1CC /* MobileCoreServices.framework in Frameworks */ = {isa = PBXBuildFile; fileRef = 52AF9A2B15B427D5008FC1CC /* MobileCoreServices.framework */; };
		52AF9A2E15B427DA008FC1CC /* SystemConfiguration.framework in Frameworks */ = {isa = PBXBuildFile; fileRef = 52AF9A2D15B427DA008FC1CC /* SystemConfiguration.framework */; };
		52AF9A3015B427DE008FC1CC /* libxml2.dylib in Frameworks */ = {isa = PBXBuildFile; fileRef = 52AF9A2F15B427DE008FC1CC /* libxml2.dylib */; };
		52AF9A3215B427E3008FC1CC /* QuartzCore.framework in Frameworks */ = {isa = PBXBuildFile; fileRef = 52AF9A3115B427E3008FC1CC /* QuartzCore.framework */; };
		52AF9A4D15B42826008FC1CC /* Database.xcdatamodeld in Sources */ = {isa = PBXBuildFile; fileRef = 52AF9A4B15B42826008FC1CC /* Database.xcdatamodeld */; };
		52AF9A5815B42980008FC1CC /* _SearchResult.m in Sources */ = {isa = PBXBuildFile; fileRef = 52AF9A5715B42980008FC1CC /* _SearchResult.m */; };
		52AF9A5B15B4298A008FC1CC /* SearchResult.m in Sources */ = {isa = PBXBuildFile; fileRef = 52AF9A5A15B4298A008FC1CC /* SearchResult.m */; };
		52AF9A5E15B429F2008FC1CC /* configureRestKit.m in Sources */ = {isa = PBXBuildFile; fileRef = 52AF9A5D15B429F2008FC1CC /* configureRestKit.m */; };
		52AF9A7215B432F8008FC1CC /* ImageIO.framework in Frameworks */ = {isa = PBXBuildFile; fileRef = 52AF9A7115B432F8008FC1CC /* ImageIO.framework */; };
		52BCD62115BE7B11002F73A6 /* GPUImageBubbleFilter.m in Sources */ = {isa = PBXBuildFile; fileRef = 52BCD62015BE7B11002F73A6 /* GPUImageBubbleFilter.m */; };
		52BCD62215BE7B11002F73A6 /* GPUImageBubbleFilter.m in Sources */ = {isa = PBXBuildFile; fileRef = 52BCD62015BE7B11002F73A6 /* GPUImageBubbleFilter.m */; };
		52BCD65F15BECB5A002F73A6 /* icon_ipad.png in Resources */ = {isa = PBXBuildFile; fileRef = 52BCD65815BECB5A002F73A6 /* icon_ipad.png */; };
		52BCD66015BECB5A002F73A6 /* icon_ipad.png in Resources */ = {isa = PBXBuildFile; fileRef = 52BCD65815BECB5A002F73A6 /* icon_ipad.png */; };
		52BCD66115BECB5A002F73A6 /* icon_ipad@2x.png in Resources */ = {isa = PBXBuildFile; fileRef = 52BCD65915BECB5A002F73A6 /* icon_ipad@2x.png */; };
		52BCD66215BECB5A002F73A6 /* icon_ipad@2x.png in Resources */ = {isa = PBXBuildFile; fileRef = 52BCD65915BECB5A002F73A6 /* icon_ipad@2x.png */; };
		52BCD66315BECB5A002F73A6 /* icon_small_ipad.png in Resources */ = {isa = PBXBuildFile; fileRef = 52BCD65A15BECB5A002F73A6 /* icon_small_ipad.png */; };
		52BCD66415BECB5A002F73A6 /* icon_small_ipad.png in Resources */ = {isa = PBXBuildFile; fileRef = 52BCD65A15BECB5A002F73A6 /* icon_small_ipad.png */; };
		52BCD66515BECB5A002F73A6 /* icon_small.png in Resources */ = {isa = PBXBuildFile; fileRef = 52BCD65B15BECB5A002F73A6 /* icon_small.png */; };
		52BCD66615BECB5A002F73A6 /* icon_small.png in Resources */ = {isa = PBXBuildFile; fileRef = 52BCD65B15BECB5A002F73A6 /* icon_small.png */; };
		52BCD66715BECB5A002F73A6 /* icon_small@2x.png in Resources */ = {isa = PBXBuildFile; fileRef = 52BCD65C15BECB5A002F73A6 /* icon_small@2x.png */; };
		52BCD66815BECB5A002F73A6 /* icon_small@2x.png in Resources */ = {isa = PBXBuildFile; fileRef = 52BCD65C15BECB5A002F73A6 /* icon_small@2x.png */; };
		52BCD66915BECB5A002F73A6 /* icon.png in Resources */ = {isa = PBXBuildFile; fileRef = 52BCD65D15BECB5A002F73A6 /* icon.png */; };
		52BCD66A15BECB5A002F73A6 /* icon.png in Resources */ = {isa = PBXBuildFile; fileRef = 52BCD65D15BECB5A002F73A6 /* icon.png */; };
		52BCD66B15BECB5A002F73A6 /* icon@2x.png in Resources */ = {isa = PBXBuildFile; fileRef = 52BCD65E15BECB5A002F73A6 /* icon@2x.png */; };
		52BCD66C15BECB5A002F73A6 /* icon@2x.png in Resources */ = {isa = PBXBuildFile; fileRef = 52BCD65E15BECB5A002F73A6 /* icon@2x.png */; };
		52BCD67D15BEDC19002F73A6 /* StoreKit.framework in Frameworks */ = {isa = PBXBuildFile; fileRef = 52BCD67C15BEDC19002F73A6 /* StoreKit.framework */; };
		52BCD6A015BEDFD6002F73A6 /* InAppPurchaseProvider.m in Sources */ = {isa = PBXBuildFile; fileRef = 52BCD69F15BEDFD6002F73A6 /* InAppPurchaseProvider.m */; };
		52BCD6A115BEDFD6002F73A6 /* InAppPurchaseProvider.m in Sources */ = {isa = PBXBuildFile; fileRef = 52BCD69F15BEDFD6002F73A6 /* InAppPurchaseProvider.m */; };
		52BCD6AC15BEE51F002F73A6 /* InAppPurchaseProvider+SecurityBreach.m in Sources */ = {isa = PBXBuildFile; fileRef = 52BCD6AB15BEE51F002F73A6 /* InAppPurchaseProvider+SecurityBreach.m */; };
		52BCD6AD15BEE51F002F73A6 /* InAppPurchaseProvider+SecurityBreach.m in Sources */ = {isa = PBXBuildFile; fileRef = 52BCD6AB15BEE51F002F73A6 /* InAppPurchaseProvider+SecurityBreach.m */; };
		52CAA40815C6D51300A42F15 /* album@2x.png in Resources */ = {isa = PBXBuildFile; fileRef = 52CAA40415C6D51300A42F15 /* album@2x.png */; };
		52CAA40915C6D51300A42F15 /* album@2x.png in Resources */ = {isa = PBXBuildFile; fileRef = 52CAA40415C6D51300A42F15 /* album@2x.png */; };
		52CAA40A15C6D51300A42F15 /* flikr@2x.png in Resources */ = {isa = PBXBuildFile; fileRef = 52CAA40515C6D51300A42F15 /* flikr@2x.png */; };
		52CAA40B15C6D51300A42F15 /* flikr@2x.png in Resources */ = {isa = PBXBuildFile; fileRef = 52CAA40515C6D51300A42F15 /* flikr@2x.png */; };
		52CAA40C15C6D51300A42F15 /* google@2x.png in Resources */ = {isa = PBXBuildFile; fileRef = 52CAA40615C6D51300A42F15 /* google@2x.png */; };
		52CAA40D15C6D51300A42F15 /* google@2x.png in Resources */ = {isa = PBXBuildFile; fileRef = 52CAA40615C6D51300A42F15 /* google@2x.png */; };
		52CAA40E15C6D51300A42F15 /* bing@2x.png in Resources */ = {isa = PBXBuildFile; fileRef = 52CAA40715C6D51300A42F15 /* bing@2x.png */; };
		52CAA40F15C6D51300A42F15 /* bing@2x.png in Resources */ = {isa = PBXBuildFile; fileRef = 52CAA40715C6D51300A42F15 /* bing@2x.png */; };
		52E24A3615BDA05700E77F38 /* CoreMedia.framework in Frameworks */ = {isa = PBXBuildFile; fileRef = 52E24A3515BDA05700E77F38 /* CoreMedia.framework */; };
		52E24A3815BDA05E00E77F38 /* CoreVideo.framework in Frameworks */ = {isa = PBXBuildFile; fileRef = 52E24A3715BDA05D00E77F38 /* CoreVideo.framework */; };
		52E24A3A15BDA06300E77F38 /* OpenGLES.framework in Frameworks */ = {isa = PBXBuildFile; fileRef = 52E24A3915BDA06300E77F38 /* OpenGLES.framework */; };
		52E24A3C15BDA06900E77F38 /* AVFoundation.framework in Frameworks */ = {isa = PBXBuildFile; fileRef = 52E24A3B15BDA06900E77F38 /* AVFoundation.framework */; };
		52E24A4115BDA08D00E77F38 /* libGPUImage.a in Frameworks */ = {isa = PBXBuildFile; fileRef = 52E24A4015BDA08D00E77F38 /* libGPUImage.a */; };
		52E24A4A15BDA0C100E77F38 /* libbox2d.a in Frameworks */ = {isa = PBXBuildFile; fileRef = 52E24A4815BDA0C100E77F38 /* libbox2d.a */; };
		52E24A4B15BDA0C100E77F38 /* libRestKit.a in Frameworks */ = {isa = PBXBuildFile; fileRef = 52E24A4915BDA0C100E77F38 /* libRestKit.a */; };
		52F773EA15B58868006D416F /* BingPaginator.m in Sources */ = {isa = PBXBuildFile; fileRef = 52F773E915B58868006D416F /* BingPaginator.m */; };
		52F77A3315CBB63500358F1D /* FlikrPaginator.m in Sources */ = {isa = PBXBuildFile; fileRef = 52F77A3215CBB63500358F1D /* FlikrPaginator.m */; };
		52F77A3415CBB63500358F1D /* FlikrPaginator.m in Sources */ = {isa = PBXBuildFile; fileRef = 52F77A3215CBB63500358F1D /* FlikrPaginator.m */; };
		52FEE82D15BFDD9500552FAD /* AssetsLibrary.framework in Frameworks */ = {isa = PBXBuildFile; fileRef = 52FEE82C15BFDD9500552FAD /* AssetsLibrary.framework */; };
		52FEE83115BFDDC800552FAD /* AssetsPaginator.m in Sources */ = {isa = PBXBuildFile; fileRef = 52FEE83015BFDDC800552FAD /* AssetsPaginator.m */; };
		52FEE83215BFDDC800552FAD /* AssetsPaginator.m in Sources */ = {isa = PBXBuildFile; fileRef = 52FEE83015BFDDC800552FAD /* AssetsPaginator.m */; };
		52FEE83515BFDDE400552FAD /* Paginator.m in Sources */ = {isa = PBXBuildFile; fileRef = 52FEE83415BFDDE400552FAD /* Paginator.m */; };
		52FEE83615BFDDE400552FAD /* Paginator.m in Sources */ = {isa = PBXBuildFile; fileRef = 52FEE83415BFDDE400552FAD /* Paginator.m */; };
		52FF605315B6D4B700958C5C /* PhysicalView.mm in Sources */ = {isa = PBXBuildFile; fileRef = 52FF605215B6D4B700958C5C /* PhysicalView.mm */; };
		52FF605415B6D4B700958C5C /* PhysicalView.mm in Sources */ = {isa = PBXBuildFile; fileRef = 52FF605215B6D4B700958C5C /* PhysicalView.mm */; };
		52FF605715B6DA6300958C5C /* PlanetView.mm in Sources */ = {isa = PBXBuildFile; fileRef = 52FF605615B6DA6300958C5C /* PlanetView.mm */; };
		52FF605815B6DA6300958C5C /* PlanetView.mm in Sources */ = {isa = PBXBuildFile; fileRef = 52FF605615B6DA6300958C5C /* PlanetView.mm */; };
		52FF605B15B6DA7600958C5C /* PhysicalImageView.mm in Sources */ = {isa = PBXBuildFile; fileRef = 52FF605A15B6DA7600958C5C /* PhysicalImageView.mm */; };
		52FF605C15B6DA7600958C5C /* PhysicalImageView.mm in Sources */ = {isa = PBXBuildFile; fileRef = 52FF605A15B6DA7600958C5C /* PhysicalImageView.mm */; };
		DA161FCC15CD48F000012633 /* more@2x.png in Resources */ = {isa = PBXBuildFile; fileRef = DA161FCB15CD48F000012633 /* more@2x.png */; };
		DA161FCD15CD48F000012633 /* more@2x.png in Resources */ = {isa = PBXBuildFile; fileRef = DA161FCB15CD48F000012633 /* more@2x.png */; };
		DA161FD015CD4A6400012633 /* screenshot@2x.png in Resources */ = {isa = PBXBuildFile; fileRef = DA161FCF15CD4A6400012633 /* screenshot@2x.png */; };
		DA161FD115CD4A6400012633 /* screenshot@2x.png in Resources */ = {isa = PBXBuildFile; fileRef = DA161FCF15CD4A6400012633 /* screenshot@2x.png */; };
		DA7726C215B2E69C008195A1 /* UIKit.framework in Frameworks */ = {isa = PBXBuildFile; fileRef = DA7726C115B2E69C008195A1 /* UIKit.framework */; };
		DA7726C415B2E69C008195A1 /* Foundation.framework in Frameworks */ = {isa = PBXBuildFile; fileRef = DA7726C315B2E69C008195A1 /* Foundation.framework */; };
		DA7726C615B2E69C008195A1 /* CoreGraphics.framework in Frameworks */ = {isa = PBXBuildFile; fileRef = DA7726C515B2E69C008195A1 /* CoreGraphics.framework */; };
		DA7726CC15B2E69C008195A1 /* InfoPlist.strings in Resources */ = {isa = PBXBuildFile; fileRef = DA7726CA15B2E69C008195A1 /* InfoPlist.strings */; };
		DA7726CE15B2E69C008195A1 /* main.m in Sources */ = {isa = PBXBuildFile; fileRef = DA7726CD15B2E69C008195A1 /* main.m */; };
		DA7726D215B2E69C008195A1 /* AppDelegate.m in Sources */ = {isa = PBXBuildFile; fileRef = DA7726D115B2E69C008195A1 /* AppDelegate.m */; };
		DA7726D515B2E69C008195A1 /* MainStoryboard_iPhone.storyboard in Resources */ = {isa = PBXBuildFile; fileRef = DA7726D315B2E69C008195A1 /* MainStoryboard_iPhone.storyboard */; };
		DA7726D815B2E69C008195A1 /* MainStoryboard_iPad.storyboard in Resources */ = {isa = PBXBuildFile; fileRef = DA7726D615B2E69C008195A1 /* MainStoryboard_iPad.storyboard */; };
		DA7726DB15B2E69C008195A1 /* ViewController.mm in Sources */ = {isa = PBXBuildFile; fileRef = DA7726DA15B2E69C008195A1 /* ViewController.mm */; };
		DAADDF3415CCF3E200E16C89 /* libFlurryAnalytics.a in Frameworks */ = {isa = PBXBuildFile; fileRef = DAADDF3315CCF3E200E16C89 /* libFlurryAnalytics.a */; };
		DAADDF3515CCF3E200E16C89 /* libFlurryAnalytics.a in Frameworks */ = {isa = PBXBuildFile; fileRef = DAADDF3315CCF3E200E16C89 /* libFlurryAnalytics.a */; };
		DAADDF3C15CCF3EE00E16C89 /* libFlurryAppCircle.a in Frameworks */ = {isa = PBXBuildFile; fileRef = DAADDF3B15CCF3EE00E16C89 /* libFlurryAppCircle.a */; };
		DAADDF3D15CCF3EF00E16C89 /* libFlurryAppCircle.a in Frameworks */ = {isa = PBXBuildFile; fileRef = DAADDF3B15CCF3EE00E16C89 /* libFlurryAppCircle.a */; };
		DAADDF4015CCF61A00E16C89 /* GooglePaginator.m in Sources */ = {isa = PBXBuildFile; fileRef = DAADDF3E15CCF61A00E16C89 /* GooglePaginator.m */; };
		DAADDF4115CCF61A00E16C89 /* GooglePaginator.m in Sources */ = {isa = PBXBuildFile; fileRef = DAADDF3E15CCF61A00E16C89 /* GooglePaginator.m */; };
		DAADDF4315CD019B00E16C89 /* magnet@2x.png in Resources */ = {isa = PBXBuildFile; fileRef = DAADDF4215CD019B00E16C89 /* magnet@2x.png */; };
		DAADDF4415CD019B00E16C89 /* magnet@2x.png in Resources */ = {isa = PBXBuildFile; fileRef = DAADDF4215CD019B00E16C89 /* magnet@2x.png */; };
		DABEF86415BBE1A4003ABF29 /* refresh@2x.png in Resources */ = {isa = PBXBuildFile; fileRef = DABEF86215BBE1A4003ABF29 /* refresh@2x.png */; };
		DABEF86515BBE1A4003ABF29 /* search@2x.png in Resources */ = {isa = PBXBuildFile; fileRef = DABEF86315BBE1A4003ABF29 /* search@2x.png */; };
		DABEF86715BBE1FC003ABF29 /* info@2x.png in Resources */ = {isa = PBXBuildFile; fileRef = DABEF86615BBE1FC003ABF29 /* info@2x.png */; };
		DABEF86915BBE326003ABF29 /* background.jpeg in Resources */ = {isa = PBXBuildFile; fileRef = DABEF86815BBE326003ABF29 /* background.jpeg */; };
		DABEF86C15BC1748003ABF29 /* RoundMenuView.m in Sources */ = {isa = PBXBuildFile; fileRef = DABEF86B15BC1748003ABF29 /* RoundMenuView.m */; };
		DABEF86D15BC1748003ABF29 /* RoundMenuView.m in Sources */ = {isa = PBXBuildFile; fileRef = DABEF86B15BC1748003ABF29 /* RoundMenuView.m */; };
		DABEF87015BC1A01003ABF29 /* pause@2x.png in Resources */ = {isa = PBXBuildFile; fileRef = DABEF86E15BC1A01003ABF29 /* pause@2x.png */; };
		DABEF87115BC1A01003ABF29 /* pause@2x.png in Resources */ = {isa = PBXBuildFile; fileRef = DABEF86E15BC1A01003ABF29 /* pause@2x.png */; };
		DABEF87215BC1A01003ABF29 /* play@2x.png in Resources */ = {isa = PBXBuildFile; fileRef = DABEF86F15BC1A01003ABF29 /* play@2x.png */; };
		DABEF87315BC1A01003ABF29 /* play@2x.png in Resources */ = {isa = PBXBuildFile; fileRef = DABEF86F15BC1A01003ABF29 /* play@2x.png */; };
		DABEF87515BC1AC2003ABF29 /* shut@2x.png in Resources */ = {isa = PBXBuildFile; fileRef = DABEF87415BC1AC2003ABF29 /* shut@2x.png */; };
		DABEF87615BC1AC2003ABF29 /* shut@2x.png in Resources */ = {isa = PBXBuildFile; fileRef = DABEF87415BC1AC2003ABF29 /* shut@2x.png */; };
/* End PBXBuildFile section */

/* Begin PBXFileReference section */
		5200BAFB15B59DC300794705 /* Tests-Info.plist */ = {isa = PBXFileReference; lastKnownFileType = text.plist.xml; path = "Tests-Info.plist"; sourceTree = "<group>"; };
		5200BAFD15B59DC300794705 /* en */ = {isa = PBXFileReference; lastKnownFileType = text.plist.strings; name = en; path = en.lproj/InfoPlist.strings; sourceTree = "<group>"; };
		5200BAFF15B59DC300794705 /* main.m */ = {isa = PBXFileReference; lastKnownFileType = sourcecode.c.objc; path = main.m; sourceTree = "<group>"; };
		5200BB3115B59DDD00794705 /* app copy.app */ = {isa = PBXFileReference; explicitFileType = wrapper.application; includeInIndex = 0; path = "app copy.app"; sourceTree = BUILT_PRODUCTS_DIR; };
		5200BB3315B59DDD00794705 /* app copy-Info.plist */ = {isa = PBXFileReference; lastKnownFileType = text.plist.xml; name = "app copy-Info.plist"; path = "/Users/macbookpro/Documents/image-physics/app/app copy-Info.plist"; sourceTree = "<absolute>"; };
		5200BBA115B5AAD500794705 /* GHUnitIOS.framework */ = {isa = PBXFileReference; lastKnownFileType = wrapper.framework; path = GHUnitIOS.framework; sourceTree = "<group>"; };
		5200BBA515B5AC7F00794705 /* DataProviderTest.m */ = {isa = PBXFileReference; fileEncoding = 4; lastKnownFileType = sourcecode.c.objc; path = DataProviderTest.m; sourceTree = "<group>"; };
		5209EABA15BD6F06005A0983 /* PhysicalWorldView.h */ = {isa = PBXFileReference; fileEncoding = 4; lastKnownFileType = sourcecode.c.h; path = PhysicalWorldView.h; sourceTree = "<group>"; };
		5209EABB15BD6F07005A0983 /* PhysicalWorldView.mm */ = {isa = PBXFileReference; fileEncoding = 4; lastKnownFileType = sourcecode.cpp.objcpp; path = PhysicalWorldView.mm; sourceTree = "<group>"; };
		5209EABF15BD7647005A0983 /* ImageDetailView.h */ = {isa = PBXFileReference; fileEncoding = 4; lastKnownFileType = sourcecode.c.h; path = ImageDetailView.h; sourceTree = "<group>"; };
		5209EAC015BD7647005A0983 /* ImageDetailView.m */ = {isa = PBXFileReference; fileEncoding = 4; lastKnownFileType = sourcecode.c.objc; path = ImageDetailView.m; sourceTree = "<group>"; };
		5209EAC315BD768E005A0983 /* ImageDetailView.xib */ = {isa = PBXFileReference; fileEncoding = 4; lastKnownFileType = file.xib; path = ImageDetailView.xib; sourceTree = "<group>"; };
		52102ED415CBFE68003C4115 /* SVProgressHUD.m */ = {isa = PBXFileReference; fileEncoding = 4; lastKnownFileType = sourcecode.c.objc; name = SVProgressHUD.m; path = ../SVProgressHUD/SVProgressHUD/SVProgressHUD.m; sourceTree = "<group>"; };
		52102ED715CBFE70003C4115 /* SVProgressHUD.bundle */ = {isa = PBXFileReference; lastKnownFileType = "wrapper.plug-in"; name = SVProgressHUD.bundle; path = ../SVProgressHUD/SVProgressHUD/SVProgressHUD.bundle; sourceTree = "<group>"; };
		524E69D915C0074500374314 /* LoadingView.h */ = {isa = PBXFileReference; fileEncoding = 4; lastKnownFileType = sourcecode.c.h; path = LoadingView.h; sourceTree = "<group>"; };
		524E69DA15C0074500374314 /* LoadingView.m */ = {isa = PBXFileReference; fileEncoding = 4; lastKnownFileType = sourcecode.c.objc; path = LoadingView.m; sourceTree = "<group>"; };
		524E69DE15C0145F00374314 /* bubble@2x.png */ = {isa = PBXFileReference; lastKnownFileType = image.png; path = "bubble@2x.png"; sourceTree = "<group>"; };
		524E69E415C0171C00374314 /* libSDWebImageARC.a */ = {isa = PBXFileReference; lastKnownFileType = archive.ar; name = libSDWebImageARC.a; path = "../SDWebImage/build/Release-iphoneos/libSDWebImageARC.a"; sourceTree = "<group>"; };
		527DE89415C0402100CFC075 /* iCarousel.m */ = {isa = PBXFileReference; fileEncoding = 4; lastKnownFileType = sourcecode.c.objc; name = iCarousel.m; path = ../iCarousel/iCarousel/iCarousel.m; sourceTree = "<group>"; };
		52AF9A2515B427C8008FC1CC /* CFNetwork.framework */ = {isa = PBXFileReference; lastKnownFileType = wrapper.framework; name = CFNetwork.framework; path = System/Library/Frameworks/CFNetwork.framework; sourceTree = SDKROOT; };
		52AF9A2715B427CC008FC1CC /* CoreData.framework */ = {isa = PBXFileReference; lastKnownFileType = wrapper.framework; name = CoreData.framework; path = System/Library/Frameworks/CoreData.framework; sourceTree = SDKROOT; };
		52AF9A2915B427D1008FC1CC /* Security.framework */ = {isa = PBXFileReference; lastKnownFileType = wrapper.framework; name = Security.framework; path = System/Library/Frameworks/Security.framework; sourceTree = SDKROOT; };
		52AF9A2B15B427D5008FC1CC /* MobileCoreServices.framework */ = {isa = PBXFileReference; lastKnownFileType = wrapper.framework; name = MobileCoreServices.framework; path = System/Library/Frameworks/MobileCoreServices.framework; sourceTree = SDKROOT; };
		52AF9A2D15B427DA008FC1CC /* SystemConfiguration.framework */ = {isa = PBXFileReference; lastKnownFileType = wrapper.framework; name = SystemConfiguration.framework; path = System/Library/Frameworks/SystemConfiguration.framework; sourceTree = SDKROOT; };
		52AF9A2F15B427DE008FC1CC /* libxml2.dylib */ = {isa = PBXFileReference; lastKnownFileType = "compiled.mach-o.dylib"; name = libxml2.dylib; path = usr/lib/libxml2.dylib; sourceTree = SDKROOT; };
		52AF9A3115B427E3008FC1CC /* QuartzCore.framework */ = {isa = PBXFileReference; lastKnownFileType = wrapper.framework; name = QuartzCore.framework; path = System/Library/Frameworks/QuartzCore.framework; sourceTree = SDKROOT; };
		52AF9A4C15B42826008FC1CC /* Database.xcdatamodel */ = {isa = PBXFileReference; lastKnownFileType = wrapper.xcdatamodel; path = Database.xcdatamodel; sourceTree = "<group>"; };
		52AF9A5715B42980008FC1CC /* _SearchResult.m */ = {isa = PBXFileReference; fileEncoding = 4; lastKnownFileType = sourcecode.c.objc; path = _SearchResult.m; sourceTree = "<group>"; };
		52AF9A5915B4298A008FC1CC /* SearchResult.h */ = {isa = PBXFileReference; fileEncoding = 4; lastKnownFileType = sourcecode.c.h; path = SearchResult.h; sourceTree = SOURCE_ROOT; };
		52AF9A5A15B4298A008FC1CC /* SearchResult.m */ = {isa = PBXFileReference; fileEncoding = 4; lastKnownFileType = sourcecode.c.objc; path = SearchResult.m; sourceTree = SOURCE_ROOT; };
		52AF9A5C15B429F2008FC1CC /* configureRestKit.h */ = {isa = PBXFileReference; fileEncoding = 4; lastKnownFileType = sourcecode.c.h; path = configureRestKit.h; sourceTree = "<group>"; };
		52AF9A5D15B429F2008FC1CC /* configureRestKit.m */ = {isa = PBXFileReference; fileEncoding = 4; lastKnownFileType = sourcecode.c.objc; path = configureRestKit.m; sourceTree = "<group>"; };
		52AF9A7115B432F8008FC1CC /* ImageIO.framework */ = {isa = PBXFileReference; lastKnownFileType = wrapper.framework; name = ImageIO.framework; path = System/Library/Frameworks/ImageIO.framework; sourceTree = SDKROOT; };
		52BCD61F15BE7B11002F73A6 /* GPUImageBubbleFilter.h */ = {isa = PBXFileReference; fileEncoding = 4; lastKnownFileType = sourcecode.c.h; path = GPUImageBubbleFilter.h; sourceTree = "<group>"; };
		52BCD62015BE7B11002F73A6 /* GPUImageBubbleFilter.m */ = {isa = PBXFileReference; fileEncoding = 4; lastKnownFileType = sourcecode.c.objc; path = GPUImageBubbleFilter.m; sourceTree = "<group>"; };
		52BCD65815BECB5A002F73A6 /* icon_ipad.png */ = {isa = PBXFileReference; lastKnownFileType = image.png; path = icon_ipad.png; sourceTree = "<group>"; };
		52BCD65915BECB5A002F73A6 /* icon_ipad@2x.png */ = {isa = PBXFileReference; lastKnownFileType = image.png; path = "icon_ipad@2x.png"; sourceTree = "<group>"; };
		52BCD65A15BECB5A002F73A6 /* icon_small_ipad.png */ = {isa = PBXFileReference; lastKnownFileType = image.png; path = icon_small_ipad.png; sourceTree = "<group>"; };
		52BCD65B15BECB5A002F73A6 /* icon_small.png */ = {isa = PBXFileReference; lastKnownFileType = image.png; path = icon_small.png; sourceTree = "<group>"; };
		52BCD65C15BECB5A002F73A6 /* icon_small@2x.png */ = {isa = PBXFileReference; lastKnownFileType = image.png; path = "icon_small@2x.png"; sourceTree = "<group>"; };
		52BCD65D15BECB5A002F73A6 /* icon.png */ = {isa = PBXFileReference; lastKnownFileType = image.png; path = icon.png; sourceTree = "<group>"; };
		52BCD65E15BECB5A002F73A6 /* icon@2x.png */ = {isa = PBXFileReference; lastKnownFileType = image.png; path = "icon@2x.png"; sourceTree = "<group>"; };
		52BCD67C15BEDC19002F73A6 /* StoreKit.framework */ = {isa = PBXFileReference; lastKnownFileType = wrapper.framework; name = StoreKit.framework; path = System/Library/Frameworks/StoreKit.framework; sourceTree = SDKROOT; };
		52BCD69E15BEDFD6002F73A6 /* InAppPurchaseProvider.h */ = {isa = PBXFileReference; fileEncoding = 4; lastKnownFileType = sourcecode.c.h; path = InAppPurchaseProvider.h; sourceTree = "<group>"; };
		52BCD69F15BEDFD6002F73A6 /* InAppPurchaseProvider.m */ = {isa = PBXFileReference; fileEncoding = 4; lastKnownFileType = sourcecode.c.objc; path = InAppPurchaseProvider.m; sourceTree = "<group>"; };
		52BCD6AA15BEE51F002F73A6 /* InAppPurchaseProvider+SecurityBreach.h */ = {isa = PBXFileReference; fileEncoding = 4; lastKnownFileType = sourcecode.c.h; path = "InAppPurchaseProvider+SecurityBreach.h"; sourceTree = "<group>"; };
		52BCD6AB15BEE51F002F73A6 /* InAppPurchaseProvider+SecurityBreach.m */ = {isa = PBXFileReference; fileEncoding = 4; lastKnownFileType = sourcecode.c.objc; path = "InAppPurchaseProvider+SecurityBreach.m"; sourceTree = "<group>"; };
		52BCD6B615BEF77A002F73A6 /* NSString+MD5Addition.h */ = {isa = PBXFileReference; fileEncoding = 4; lastKnownFileType = sourcecode.c.h; name = "NSString+MD5Addition.h"; path = "../UDID/Classes/NSString+MD5Addition.h"; sourceTree = "<group>"; };
		52BCD6B715BEF77A002F73A6 /* NSString+MD5Addition.m */ = {isa = PBXFileReference; fileEncoding = 4; lastKnownFileType = sourcecode.c.objc; name = "NSString+MD5Addition.m"; path = "../UDID/Classes/NSString+MD5Addition.m"; sourceTree = "<group>"; };
		52BCD6B815BEF77A002F73A6 /* UIDevice+IdentifierAddition.h */ = {isa = PBXFileReference; fileEncoding = 4; lastKnownFileType = sourcecode.c.h; name = "UIDevice+IdentifierAddition.h"; path = "../UDID/Classes/UIDevice+IdentifierAddition.h"; sourceTree = "<group>"; };
		52BCD6B915BEF77A002F73A6 /* UIDevice+IdentifierAddition.m */ = {isa = PBXFileReference; fileEncoding = 4; lastKnownFileType = sourcecode.c.objc; name = "UIDevice+IdentifierAddition.m"; path = "../UDID/Classes/UIDevice+IdentifierAddition.m"; sourceTree = "<group>"; };
		52CAA40415C6D51300A42F15 /* album@2x.png */ = {isa = PBXFileReference; lastKnownFileType = image.png; path = "album@2x.png"; sourceTree = "<group>"; };
		52CAA40515C6D51300A42F15 /* flikr@2x.png */ = {isa = PBXFileReference; lastKnownFileType = image.png; path = "flikr@2x.png"; sourceTree = "<group>"; };
		52CAA40615C6D51300A42F15 /* google@2x.png */ = {isa = PBXFileReference; lastKnownFileType = image.png; path = "google@2x.png"; sourceTree = "<group>"; };
		52CAA40715C6D51300A42F15 /* bing@2x.png */ = {isa = PBXFileReference; lastKnownFileType = image.png; path = "bing@2x.png"; sourceTree = "<group>"; };
		52E24A3515BDA05700E77F38 /* CoreMedia.framework */ = {isa = PBXFileReference; lastKnownFileType = wrapper.framework; name = CoreMedia.framework; path = System/Library/Frameworks/CoreMedia.framework; sourceTree = SDKROOT; };
		52E24A3715BDA05D00E77F38 /* CoreVideo.framework */ = {isa = PBXFileReference; lastKnownFileType = wrapper.framework; name = CoreVideo.framework; path = System/Library/Frameworks/CoreVideo.framework; sourceTree = SDKROOT; };
		52E24A3915BDA06300E77F38 /* OpenGLES.framework */ = {isa = PBXFileReference; lastKnownFileType = wrapper.framework; name = OpenGLES.framework; path = System/Library/Frameworks/OpenGLES.framework; sourceTree = SDKROOT; };
		52E24A3B15BDA06900E77F38 /* AVFoundation.framework */ = {isa = PBXFileReference; lastKnownFileType = wrapper.framework; name = AVFoundation.framework; path = System/Library/Frameworks/AVFoundation.framework; sourceTree = SDKROOT; };
		52E24A4015BDA08D00E77F38 /* libGPUImage.a */ = {isa = PBXFileReference; lastKnownFileType = archive.ar; name = libGPUImage.a; path = "/Users/macbookpro/Documents/image-physics/GPUImage/framework/../build/Release-iphoneos/libGPUImage.a"; sourceTree = "<absolute>"; };
		52E24A4815BDA0C100E77F38 /* libbox2d.a */ = {isa = PBXFileReference; lastKnownFileType = archive.ar; name = libbox2d.a; path = "../../../Library/Developer/Xcode/DerivedData/image-physics-djfsmkmouzmpbqcrnqywjwepeinl/Build/Products/Debug-iphoneos/libbox2d.a"; sourceTree = "<group>"; };
		52E24A4915BDA0C100E77F38 /* libRestKit.a */ = {isa = PBXFileReference; lastKnownFileType = archive.ar; name = libRestKit.a; path = "../../../Library/Developer/Xcode/DerivedData/image-physics-djfsmkmouzmpbqcrnqywjwepeinl/Build/Products/Debug-iphoneos/libRestKit.a"; sourceTree = "<group>"; };
		52F773E815B58868006D416F /* BingPaginator.h */ = {isa = PBXFileReference; fileEncoding = 4; lastKnownFileType = sourcecode.c.h; path = BingPaginator.h; sourceTree = "<group>"; };
		52F773E915B58868006D416F /* BingPaginator.m */ = {isa = PBXFileReference; fileEncoding = 4; lastKnownFileType = sourcecode.c.objc; path = BingPaginator.m; sourceTree = "<group>"; };
		52F77A3115CBB63500358F1D /* FlikrPaginator.h */ = {isa = PBXFileReference; fileEncoding = 4; lastKnownFileType = sourcecode.c.h; path = FlikrPaginator.h; sourceTree = "<group>"; };
		52F77A3215CBB63500358F1D /* FlikrPaginator.m */ = {isa = PBXFileReference; fileEncoding = 4; lastKnownFileType = sourcecode.c.objc; path = FlikrPaginator.m; sourceTree = "<group>"; };
		52FEE82C15BFDD9500552FAD /* AssetsLibrary.framework */ = {isa = PBXFileReference; lastKnownFileType = wrapper.framework; name = AssetsLibrary.framework; path = System/Library/Frameworks/AssetsLibrary.framework; sourceTree = SDKROOT; };
		52FEE82F15BFDDC800552FAD /* AssetsPaginator.h */ = {isa = PBXFileReference; fileEncoding = 4; lastKnownFileType = sourcecode.c.h; path = AssetsPaginator.h; sourceTree = "<group>"; };
		52FEE83015BFDDC800552FAD /* AssetsPaginator.m */ = {isa = PBXFileReference; fileEncoding = 4; lastKnownFileType = sourcecode.c.objc; path = AssetsPaginator.m; sourceTree = "<group>"; };
		52FEE83315BFDDE400552FAD /* Paginator.h */ = {isa = PBXFileReference; fileEncoding = 4; lastKnownFileType = sourcecode.c.h; path = Paginator.h; sourceTree = "<group>"; };
		52FEE83415BFDDE400552FAD /* Paginator.m */ = {isa = PBXFileReference; fileEncoding = 4; lastKnownFileType = sourcecode.c.objc; path = Paginator.m; sourceTree = "<group>"; };
		52FF605115B6D4B700958C5C /* PhysicalView.h */ = {isa = PBXFileReference; fileEncoding = 4; lastKnownFileType = sourcecode.c.h; path = PhysicalView.h; sourceTree = "<group>"; };
		52FF605215B6D4B700958C5C /* PhysicalView.mm */ = {isa = PBXFileReference; fileEncoding = 4; lastKnownFileType = sourcecode.cpp.objcpp; path = PhysicalView.mm; sourceTree = "<group>"; };
		52FF605515B6DA6300958C5C /* PlanetView.h */ = {isa = PBXFileReference; fileEncoding = 4; lastKnownFileType = sourcecode.c.h; path = PlanetView.h; sourceTree = "<group>"; };
		52FF605615B6DA6300958C5C /* PlanetView.mm */ = {isa = PBXFileReference; fileEncoding = 4; lastKnownFileType = sourcecode.cpp.objcpp; path = PlanetView.mm; sourceTree = "<group>"; };
		52FF605915B6DA7600958C5C /* PhysicalImageView.h */ = {isa = PBXFileReference; fileEncoding = 4; lastKnownFileType = sourcecode.c.h; path = PhysicalImageView.h; sourceTree = "<group>"; };
		52FF605A15B6DA7600958C5C /* PhysicalImageView.mm */ = {isa = PBXFileReference; fileEncoding = 4; lastKnownFileType = sourcecode.cpp.objcpp; path = PhysicalImageView.mm; sourceTree = "<group>"; };
		DA161FCB15CD48F000012633 /* more@2x.png */ = {isa = PBXFileReference; lastKnownFileType = image.png; path = "more@2x.png"; sourceTree = "<group>"; };
		DA161FCF15CD4A6400012633 /* screenshot@2x.png */ = {isa = PBXFileReference; lastKnownFileType = image.png; path = "screenshot@2x.png"; sourceTree = "<group>"; };
		DA7726BD15B2E69C008195A1 /* Imagenetic.app */ = {isa = PBXFileReference; explicitFileType = wrapper.application; includeInIndex = 0; path = Imagenetic.app; sourceTree = BUILT_PRODUCTS_DIR; };
		DA7726C115B2E69C008195A1 /* UIKit.framework */ = {isa = PBXFileReference; lastKnownFileType = wrapper.framework; name = UIKit.framework; path = System/Library/Frameworks/UIKit.framework; sourceTree = SDKROOT; };
		DA7726C315B2E69C008195A1 /* Foundation.framework */ = {isa = PBXFileReference; lastKnownFileType = wrapper.framework; name = Foundation.framework; path = System/Library/Frameworks/Foundation.framework; sourceTree = SDKROOT; };
		DA7726C515B2E69C008195A1 /* CoreGraphics.framework */ = {isa = PBXFileReference; lastKnownFileType = wrapper.framework; name = CoreGraphics.framework; path = System/Library/Frameworks/CoreGraphics.framework; sourceTree = SDKROOT; };
		DA7726C915B2E69C008195A1 /* app-Info.plist */ = {isa = PBXFileReference; lastKnownFileType = text.plist.xml; name = "app-Info.plist"; path = "app/app-Info.plist"; sourceTree = "<group>"; };
		DA7726CB15B2E69C008195A1 /* en */ = {isa = PBXFileReference; lastKnownFileType = text.plist.strings; name = en; path = en.lproj/InfoPlist.strings; sourceTree = "<group>"; };
		DA7726CD15B2E69C008195A1 /* main.m */ = {isa = PBXFileReference; lastKnownFileType = sourcecode.c.objc; path = main.m; sourceTree = "<group>"; };
		DA7726CF15B2E69C008195A1 /* app-Prefix.pch */ = {isa = PBXFileReference; lastKnownFileType = sourcecode.c.h; path = "app-Prefix.pch"; sourceTree = "<group>"; };
		DA7726D015B2E69C008195A1 /* AppDelegate.h */ = {isa = PBXFileReference; lastKnownFileType = sourcecode.c.h; path = AppDelegate.h; sourceTree = "<group>"; };
		DA7726D115B2E69C008195A1 /* AppDelegate.m */ = {isa = PBXFileReference; lastKnownFileType = sourcecode.c.objc; path = AppDelegate.m; sourceTree = "<group>"; };
		DA7726D415B2E69C008195A1 /* en */ = {isa = PBXFileReference; lastKnownFileType = file.storyboard; name = en; path = en.lproj/MainStoryboard_iPhone.storyboard; sourceTree = "<group>"; };
		DA7726D715B2E69C008195A1 /* en */ = {isa = PBXFileReference; lastKnownFileType = file.storyboard; name = en; path = en.lproj/MainStoryboard_iPad.storyboard; sourceTree = "<group>"; };
		DA7726D915B2E69C008195A1 /* ViewController.h */ = {isa = PBXFileReference; lastKnownFileType = sourcecode.c.h; path = ViewController.h; sourceTree = "<group>"; };
		DA7726DA15B2E69C008195A1 /* ViewController.mm */ = {isa = PBXFileReference; lastKnownFileType = sourcecode.cpp.objcpp; path = ViewController.mm; sourceTree = "<group>"; };
		DAADDF3215CCF3E200E16C89 /* FlurryAnalytics.h */ = {isa = PBXFileReference; fileEncoding = 4; lastKnownFileType = sourcecode.c.h; path = FlurryAnalytics.h; sourceTree = "<group>"; };
		DAADDF3315CCF3E200E16C89 /* libFlurryAnalytics.a */ = {isa = PBXFileReference; lastKnownFileType = archive.ar; path = libFlurryAnalytics.a; sourceTree = "<group>"; };
		DAADDF3815CCF3EE00E16C89 /* FlurryAdDelegate.h */ = {isa = PBXFileReference; fileEncoding = 4; lastKnownFileType = sourcecode.c.h; path = FlurryAdDelegate.h; sourceTree = "<group>"; };
		DAADDF3915CCF3EE00E16C89 /* FlurryAppCircle.h */ = {isa = PBXFileReference; fileEncoding = 4; lastKnownFileType = sourcecode.c.h; path = FlurryAppCircle.h; sourceTree = "<group>"; };
		DAADDF3A15CCF3EE00E16C89 /* FlurryOffer.h */ = {isa = PBXFileReference; fileEncoding = 4; lastKnownFileType = sourcecode.c.h; path = FlurryOffer.h; sourceTree = "<group>"; };
		DAADDF3B15CCF3EE00E16C89 /* libFlurryAppCircle.a */ = {isa = PBXFileReference; lastKnownFileType = archive.ar; path = libFlurryAppCircle.a; sourceTree = "<group>"; };
		DAADDF3E15CCF61A00E16C89 /* GooglePaginator.m */ = {isa = PBXFileReference; fileEncoding = 4; lastKnownFileType = sourcecode.c.objc; path = GooglePaginator.m; sourceTree = "<group>"; };
		DAADDF3F15CCF61A00E16C89 /* GooglePaginator.h */ = {isa = PBXFileReference; fileEncoding = 4; lastKnownFileType = sourcecode.c.h; path = GooglePaginator.h; sourceTree = "<group>"; };
		DAADDF4215CD019B00E16C89 /* magnet@2x.png */ = {isa = PBXFileReference; lastKnownFileType = image.png; path = "magnet@2x.png"; sourceTree = "<group>"; };
		DABEF86215BBE1A4003ABF29 /* refresh@2x.png */ = {isa = PBXFileReference; lastKnownFileType = image.png; path = "refresh@2x.png"; sourceTree = "<group>"; };
		DABEF86315BBE1A4003ABF29 /* search@2x.png */ = {isa = PBXFileReference; lastKnownFileType = image.png; path = "search@2x.png"; sourceTree = "<group>"; };
		DABEF86615BBE1FC003ABF29 /* info@2x.png */ = {isa = PBXFileReference; lastKnownFileType = image.png; path = "info@2x.png"; sourceTree = "<group>"; };
		DABEF86815BBE326003ABF29 /* background.jpeg */ = {isa = PBXFileReference; lastKnownFileType = image.jpeg; path = background.jpeg; sourceTree = "<group>"; };
		DABEF86A15BC1748003ABF29 /* RoundMenuView.h */ = {isa = PBXFileReference; fileEncoding = 4; lastKnownFileType = sourcecode.c.h; path = RoundMenuView.h; sourceTree = "<group>"; };
		DABEF86B15BC1748003ABF29 /* RoundMenuView.m */ = {isa = PBXFileReference; fileEncoding = 4; lastKnownFileType = sourcecode.c.objc; path = RoundMenuView.m; sourceTree = "<group>"; };
		DABEF86E15BC1A01003ABF29 /* pause@2x.png */ = {isa = PBXFileReference; lastKnownFileType = image.png; path = "pause@2x.png"; sourceTree = "<group>"; };
		DABEF86F15BC1A01003ABF29 /* play@2x.png */ = {isa = PBXFileReference; lastKnownFileType = image.png; path = "play@2x.png"; sourceTree = "<group>"; };
		DABEF87415BC1AC2003ABF29 /* shut@2x.png */ = {isa = PBXFileReference; lastKnownFileType = image.png; path = "shut@2x.png"; sourceTree = "<group>"; };
/* End PBXFileReference section */

/* Begin PBXFrameworksBuildPhase section */
		5200BB1B15B59DDD00794705 /* Frameworks */ = {
			isa = PBXFrameworksBuildPhase;
			buildActionMask = 2147483647;
			files = (
				5200BB1C15B59DDD00794705 /* ImageIO.framework in Frameworks */,
				5200BB1F15B59DDD00794705 /* QuartzCore.framework in Frameworks */,
				5200BB2015B59DDD00794705 /* libxml2.dylib in Frameworks */,
				5200BB2115B59DDD00794705 /* SystemConfiguration.framework in Frameworks */,
				5200BB2215B59DDD00794705 /* MobileCoreServices.framework in Frameworks */,
				5200BB2315B59DDD00794705 /* Security.framework in Frameworks */,
				5200BB2415B59DDD00794705 /* CoreData.framework in Frameworks */,
				5200BB2515B59DDD00794705 /* CFNetwork.framework in Frameworks */,
				5200BB2715B59DDD00794705 /* UIKit.framework in Frameworks */,
				5200BB2815B59DDD00794705 /* Foundation.framework in Frameworks */,
				5200BB2915B59DDD00794705 /* CoreGraphics.framework in Frameworks */,
				5200BBA215B5AAD500794705 /* GHUnitIOS.framework in Frameworks */,
				DAADDF3515CCF3E200E16C89 /* libFlurryAnalytics.a in Frameworks */,
				DAADDF3D15CCF3EF00E16C89 /* libFlurryAppCircle.a in Frameworks */,
			);
			runOnlyForDeploymentPostprocessing = 0;
		};
		DA7726BA15B2E69C008195A1 /* Frameworks */ = {
			isa = PBXFrameworksBuildPhase;
			buildActionMask = 2147483647;
			files = (
				524E69E515C0171C00374314 /* libSDWebImageARC.a in Frameworks */,
				52FEE82D15BFDD9500552FAD /* AssetsLibrary.framework in Frameworks */,
				52BCD67D15BEDC19002F73A6 /* StoreKit.framework in Frameworks */,
				52E24A4A15BDA0C100E77F38 /* libbox2d.a in Frameworks */,
				52E24A4B15BDA0C100E77F38 /* libRestKit.a in Frameworks */,
				52E24A4115BDA08D00E77F38 /* libGPUImage.a in Frameworks */,
				52E24A3C15BDA06900E77F38 /* AVFoundation.framework in Frameworks */,
				52E24A3A15BDA06300E77F38 /* OpenGLES.framework in Frameworks */,
				52E24A3815BDA05E00E77F38 /* CoreVideo.framework in Frameworks */,
				52E24A3615BDA05700E77F38 /* CoreMedia.framework in Frameworks */,
				52AF9A7215B432F8008FC1CC /* ImageIO.framework in Frameworks */,
				52AF9A3215B427E3008FC1CC /* QuartzCore.framework in Frameworks */,
				52AF9A3015B427DE008FC1CC /* libxml2.dylib in Frameworks */,
				52AF9A2E15B427DA008FC1CC /* SystemConfiguration.framework in Frameworks */,
				52AF9A2C15B427D5008FC1CC /* MobileCoreServices.framework in Frameworks */,
				52AF9A2A15B427D1008FC1CC /* Security.framework in Frameworks */,
				52AF9A2815B427CC008FC1CC /* CoreData.framework in Frameworks */,
				52AF9A2615B427C8008FC1CC /* CFNetwork.framework in Frameworks */,
				DA7726C215B2E69C008195A1 /* UIKit.framework in Frameworks */,
				DA7726C415B2E69C008195A1 /* Foundation.framework in Frameworks */,
				DA7726C615B2E69C008195A1 /* CoreGraphics.framework in Frameworks */,
				DAADDF3415CCF3E200E16C89 /* libFlurryAnalytics.a in Frameworks */,
				DAADDF3C15CCF3EE00E16C89 /* libFlurryAppCircle.a in Frameworks */,
			);
			runOnlyForDeploymentPostprocessing = 0;
		};
/* End PBXFrameworksBuildPhase section */

/* Begin PBXGroup section */
		5200BAF915B59DC300794705 /* Tests */ = {
			isa = PBXGroup;
			children = (
				5200BAFA15B59DC300794705 /* Unit */,
			);
			path = Tests;
			sourceTree = "<group>";
		};
		5200BAFA15B59DC300794705 /* Unit */ = {
			isa = PBXGroup;
			children = (
				5200BAFB15B59DC300794705 /* Tests-Info.plist */,
				5200BAFC15B59DC300794705 /* InfoPlist.strings */,
				5200BAFF15B59DC300794705 /* main.m */,
				5200BBA515B5AC7F00794705 /* DataProviderTest.m */,
			);
			name = Unit;
			sourceTree = "<group>";
		};
		5209EABE15BD7628005A0983 /* Physical Views */ = {
			isa = PBXGroup;
			children = (
				52FF605515B6DA6300958C5C /* PlanetView.h */,
				52FF605615B6DA6300958C5C /* PlanetView.mm */,
				52FF605915B6DA7600958C5C /* PhysicalImageView.h */,
				52FF605A15B6DA7600958C5C /* PhysicalImageView.mm */,
				52FF605115B6D4B700958C5C /* PhysicalView.h */,
				52FF605215B6D4B700958C5C /* PhysicalView.mm */,
				5209EABA15BD6F06005A0983 /* PhysicalWorldView.h */,
				5209EABB15BD6F07005A0983 /* PhysicalWorldView.mm */,
			);
			name = "Physical Views";
			sourceTree = "<group>";
		};
		52102ED215CBF7A1003C4115 /* Paginators */ = {
			isa = PBXGroup;
			children = (
				DAADDF3E15CCF61A00E16C89 /* GooglePaginator.m */,
				DAADDF3F15CCF61A00E16C89 /* GooglePaginator.h */,
				52F773E815B58868006D416F /* BingPaginator.h */,
				52F773E915B58868006D416F /* BingPaginator.m */,
				52FEE82F15BFDDC800552FAD /* AssetsPaginator.h */,
				52FEE83015BFDDC800552FAD /* AssetsPaginator.m */,
				52FEE83315BFDDE400552FAD /* Paginator.h */,
				52FEE83415BFDDE400552FAD /* Paginator.m */,
				52F77A3115CBB63500358F1D /* FlikrPaginator.h */,
				52F77A3215CBB63500358F1D /* FlikrPaginator.m */,
			);
			name = Paginators;
			sourceTree = "<group>";
		};
		52AF9A5615B42972008FC1CC /* Mogenerator */ = {
			isa = PBXGroup;
			children = (
				52AF9A5715B42980008FC1CC /* _SearchResult.m */,
			);
			name = Mogenerator;
			sourceTree = "<group>";
		};
		52BCD65715BECB4A002F73A6 /* icons */ = {
			isa = PBXGroup;
			children = (
				52BCD65815BECB5A002F73A6 /* icon_ipad.png */,
				52BCD65915BECB5A002F73A6 /* icon_ipad@2x.png */,
				52BCD65A15BECB5A002F73A6 /* icon_small_ipad.png */,
				52BCD65B15BECB5A002F73A6 /* icon_small.png */,
				52BCD65C15BECB5A002F73A6 /* icon_small@2x.png */,
				52BCD65D15BECB5A002F73A6 /* icon.png */,
				52BCD65E15BECB5A002F73A6 /* icon@2x.png */,
			);
			name = icons;
			sourceTree = "<group>";
		};
		52BCD6BE15BEF77D002F73A6 /* UDID iOS5 */ = {
			isa = PBXGroup;
			children = (
				52BCD6B615BEF77A002F73A6 /* NSString+MD5Addition.h */,
				52BCD6B715BEF77A002F73A6 /* NSString+MD5Addition.m */,
				52BCD6B815BEF77A002F73A6 /* UIDevice+IdentifierAddition.h */,
				52BCD6B915BEF77A002F73A6 /* UIDevice+IdentifierAddition.m */,
			);
			name = "UDID iOS5";
			sourceTree = "<group>";
		};
		52CAA40215C6D50200A42F15 /* Providers */ = {
			isa = PBXGroup;
			children = (
				52CAA40415C6D51300A42F15 /* album@2x.png */,
				52CAA40515C6D51300A42F15 /* flikr@2x.png */,
				52CAA40615C6D51300A42F15 /* google@2x.png */,
				52CAA40715C6D51300A42F15 /* bing@2x.png */,
			);
			name = Providers;
			sourceTree = "<group>";
		};
		52F773E715B5884A006D416F /* Core Data */ = {
			isa = PBXGroup;
			children = (
				52AF9A5915B4298A008FC1CC /* SearchResult.h */,
				52AF9A5A15B4298A008FC1CC /* SearchResult.m */,
			);
			name = "Core Data";
			sourceTree = "<group>";
		};
		DA7726B215B2E69B008195A1 = {
			isa = PBXGroup;
			children = (
				5200BAF915B59DC300794705 /* Tests */,
				DA7726E515B2E75F008195A1 /* Vendor */,
				DA7726C715B2E69C008195A1 /* Classes */,
				DA7726E115B2E6A7008195A1 /* Resources */,
				DA7726C015B2E69C008195A1 /* Frameworks */,
				DA7726BE15B2E69C008195A1 /* Products */,
				5200BB3315B59DDD00794705 /* app copy-Info.plist */,
			);
			sourceTree = "<group>";
		};
		DA7726BE15B2E69C008195A1 /* Products */ = {
			isa = PBXGroup;
			children = (
				DA7726BD15B2E69C008195A1 /* Imagenetic.app */,
				5200BB3115B59DDD00794705 /* app copy.app */,
			);
			name = Products;
			sourceTree = "<group>";
		};
		DA7726C015B2E69C008195A1 /* Frameworks */ = {
			isa = PBXGroup;
			children = (
				524E69E415C0171C00374314 /* libSDWebImageARC.a */,
				52FEE82C15BFDD9500552FAD /* AssetsLibrary.framework */,
				52BCD67C15BEDC19002F73A6 /* StoreKit.framework */,
				52E24A4815BDA0C100E77F38 /* libbox2d.a */,
				52E24A4915BDA0C100E77F38 /* libRestKit.a */,
				52E24A4015BDA08D00E77F38 /* libGPUImage.a */,
				52E24A3B15BDA06900E77F38 /* AVFoundation.framework */,
				52E24A3915BDA06300E77F38 /* OpenGLES.framework */,
				52E24A3715BDA05D00E77F38 /* CoreVideo.framework */,
				52E24A3515BDA05700E77F38 /* CoreMedia.framework */,
				5200BBA115B5AAD500794705 /* GHUnitIOS.framework */,
				52AF9A7115B432F8008FC1CC /* ImageIO.framework */,
				52AF9A3115B427E3008FC1CC /* QuartzCore.framework */,
				52AF9A2F15B427DE008FC1CC /* libxml2.dylib */,
				52AF9A2D15B427DA008FC1CC /* SystemConfiguration.framework */,
				52AF9A2B15B427D5008FC1CC /* MobileCoreServices.framework */,
				52AF9A2915B427D1008FC1CC /* Security.framework */,
				52AF9A2715B427CC008FC1CC /* CoreData.framework */,
				52AF9A2515B427C8008FC1CC /* CFNetwork.framework */,
				DA7726C115B2E69C008195A1 /* UIKit.framework */,
				DA7726C315B2E69C008195A1 /* Foundation.framework */,
				DA7726C515B2E69C008195A1 /* CoreGraphics.framework */,
			);
			name = Frameworks;
			sourceTree = "<group>";
		};
		DA7726C715B2E69C008195A1 /* Classes */ = {
			isa = PBXGroup;
			children = (
				DA7726E215B2E6BD008195A1 /* Models */,
				DA7726E315B2E6C4008195A1 /* Views */,
				DA7726E415B2E6CA008195A1 /* Controllers */,
				DA7726CD15B2E69C008195A1 /* main.m */,
				DA7726CF15B2E69C008195A1 /* app-Prefix.pch */,
				52AF9A5C15B429F2008FC1CC /* configureRestKit.h */,
				52AF9A5D15B429F2008FC1CC /* configureRestKit.m */,
			);
			name = Classes;
			path = app;
			sourceTree = "<group>";
		};
		DA7726E115B2E6A7008195A1 /* Resources */ = {
			isa = PBXGroup;
			children = (
				52102ED715CBFE70003C4115 /* SVProgressHUD.bundle */,
				52BCD65715BECB4A002F73A6 /* icons */,
				DABEF85B15BBE191003ABF29 /* Images */,
				DA7726C915B2E69C008195A1 /* app-Info.plist */,
				DA7726CA15B2E69C008195A1 /* InfoPlist.strings */,
				DA7726D315B2E69C008195A1 /* MainStoryboard_iPhone.storyboard */,
				DA7726D615B2E69C008195A1 /* MainStoryboard_iPad.storyboard */,
				52AF9A4B15B42826008FC1CC /* Database.xcdatamodeld */,
			);
			name = Resources;
			sourceTree = "<group>";
		};
		DA7726E215B2E6BD008195A1 /* Models */ = {
			isa = PBXGroup;
			children = (
				52102ED215CBF7A1003C4115 /* Paginators */,
				52F773E715B5884A006D416F /* Core Data */,
				52BCD61F15BE7B11002F73A6 /* GPUImageBubbleFilter.h */,
				52BCD62015BE7B11002F73A6 /* GPUImageBubbleFilter.m */,
				52BCD69E15BEDFD6002F73A6 /* InAppPurchaseProvider.h */,
				52BCD69F15BEDFD6002F73A6 /* InAppPurchaseProvider.m */,
				52BCD6AA15BEE51F002F73A6 /* InAppPurchaseProvider+SecurityBreach.h */,
				52BCD6AB15BEE51F002F73A6 /* InAppPurchaseProvider+SecurityBreach.m */,
			);
			name = Models;
			sourceTree = "<group>";
		};
		DA7726E315B2E6C4008195A1 /* Views */ = {
			isa = PBXGroup;
			children = (
				5209EABE15BD7628005A0983 /* Physical Views */,
				DABEF86A15BC1748003ABF29 /* RoundMenuView.h */,
				DABEF86B15BC1748003ABF29 /* RoundMenuView.m */,
				5209EABF15BD7647005A0983 /* ImageDetailView.h */,
				5209EAC015BD7647005A0983 /* ImageDetailView.m */,
				5209EAC315BD768E005A0983 /* ImageDetailView.xib */,
				524E69D915C0074500374314 /* LoadingView.h */,
				524E69DA15C0074500374314 /* LoadingView.m */,
			);
			name = Views;
			sourceTree = "<group>";
		};
		DA7726E415B2E6CA008195A1 /* Controllers */ = {
			isa = PBXGroup;
			children = (
				DA7726D915B2E69C008195A1 /* ViewController.h */,
				DA7726DA15B2E69C008195A1 /* ViewController.mm */,
				DA7726D015B2E69C008195A1 /* AppDelegate.h */,
				DA7726D115B2E69C008195A1 /* AppDelegate.m */,
			);
			name = Controllers;
			sourceTree = "<group>";
		};
		DA7726E515B2E75F008195A1 /* Vendor */ = {
			isa = PBXGroup;
			children = (
				DAADDF3715CCF3EE00E16C89 /* FlurryAppCircle */,
				DAADDF3115CCF3E200E16C89 /* FlurryAnalytics */,
				52102ED415CBFE68003C4115 /* SVProgressHUD.m */,
				527DE89415C0402100CFC075 /* iCarousel.m */,
				52BCD6BE15BEF77D002F73A6 /* UDID iOS5 */,
				52AF9A5615B42972008FC1CC /* Mogenerator */,
			);
			name = Vendor;
			sourceTree = "<group>";
		};
		DAADDF3115CCF3E200E16C89 /* FlurryAnalytics */ = {
			isa = PBXGroup;
			children = (
				DAADDF3215CCF3E200E16C89 /* FlurryAnalytics.h */,
				DAADDF3315CCF3E200E16C89 /* libFlurryAnalytics.a */,
			);
			path = FlurryAnalytics;
			sourceTree = "<group>";
		};
		DAADDF3715CCF3EE00E16C89 /* FlurryAppCircle */ = {
			isa = PBXGroup;
			children = (
				DAADDF3815CCF3EE00E16C89 /* FlurryAdDelegate.h */,
				DAADDF3915CCF3EE00E16C89 /* FlurryAppCircle.h */,
				DAADDF3A15CCF3EE00E16C89 /* FlurryOffer.h */,
				DAADDF3B15CCF3EE00E16C89 /* libFlurryAppCircle.a */,
			);
			path = FlurryAppCircle;
			sourceTree = "<group>";
		};
		DABEF85B15BBE191003ABF29 /* Images */ = {
			isa = PBXGroup;
			children = (
				DA161FCF15CD4A6400012633 /* screenshot@2x.png */,
				DA161FCB15CD48F000012633 /* more@2x.png */,
				52CAA40215C6D50200A42F15 /* Providers */,
				DAADDF4215CD019B00E16C89 /* magnet@2x.png */,
				524E69DE15C0145F00374314 /* bubble@2x.png */,
				DABEF87415BC1AC2003ABF29 /* shut@2x.png */,
				DABEF86E15BC1A01003ABF29 /* pause@2x.png */,
				DABEF86F15BC1A01003ABF29 /* play@2x.png */,
				DABEF86815BBE326003ABF29 /* background.jpeg */,
				DABEF86615BBE1FC003ABF29 /* info@2x.png */,
				DABEF86215BBE1A4003ABF29 /* refresh@2x.png */,
				DABEF86315BBE1A4003ABF29 /* search@2x.png */,
			);
			name = Images;
			sourceTree = "<group>";
		};
/* End PBXGroup section */

/* Begin PBXNativeTarget section */
		5200BB0815B59DDD00794705 /* Tests */ = {
			isa = PBXNativeTarget;
			buildConfigurationList = 5200BB2E15B59DDD00794705 /* Build configuration list for PBXNativeTarget "Tests" */;
			buildPhases = (
				5200BB0F15B59DDD00794705 /* ShellScript */,
				5200BB1015B59DDD00794705 /* Sources */,
				5200BB1B15B59DDD00794705 /* Frameworks */,
				5200BB2A15B59DDD00794705 /* Resources */,
			);
			buildRules = (
			);
			dependencies = (
			);
			name = Tests;
			productName = app;
			productReference = 5200BB3115B59DDD00794705 /* app copy.app */;
			productType = "com.apple.product-type.application";
		};
		DA7726BC15B2E69C008195A1 /* app */ = {
			isa = PBXNativeTarget;
			buildConfigurationList = DA7726DE15B2E69C008195A1 /* Build configuration list for PBXNativeTarget "app" */;
			buildPhases = (
				52AF9A5515B42879008FC1CC /* ShellScript */,
				DA7726B915B2E69C008195A1 /* Sources */,
				DA7726BA15B2E69C008195A1 /* Frameworks */,
				DA7726BB15B2E69C008195A1 /* Resources */,
			);
			buildRules = (
			);
			dependencies = (
			);
			name = app;
			productName = app;
			productReference = DA7726BD15B2E69C008195A1 /* Imagenetic.app */;
			productType = "com.apple.product-type.application";
		};
/* End PBXNativeTarget section */

/* Begin PBXProject section */
		DA7726B415B2E69B008195A1 /* Project object */ = {
			isa = PBXProject;
			attributes = {
				LastUpgradeCheck = 0430;
				ORGANIZATIONNAME = Scimob;
			};
			buildConfigurationList = DA7726B715B2E69B008195A1 /* Build configuration list for PBXProject "app" */;
			compatibilityVersion = "Xcode 3.2";
			developmentRegion = English;
			hasScannedForEncodings = 0;
			knownRegions = (
				en,
			);
			mainGroup = DA7726B215B2E69B008195A1;
			productRefGroup = DA7726BE15B2E69C008195A1 /* Products */;
			projectDirPath = "";
			projectRoot = "";
			targets = (
				DA7726BC15B2E69C008195A1 /* app */,
				5200BB0815B59DDD00794705 /* Tests */,
			);
		};
/* End PBXProject section */

/* Begin PBXResourcesBuildPhase section */
		5200BB2A15B59DDD00794705 /* Resources */ = {
			isa = PBXResourcesBuildPhase;
			buildActionMask = 2147483647;
			files = (
				5200BB2B15B59DDD00794705 /* InfoPlist.strings in Resources */,
				5200BB2C15B59DDD00794705 /* MainStoryboard_iPhone.storyboard in Resources */,
				5200BB2D15B59DDD00794705 /* MainStoryboard_iPad.storyboard in Resources */,
				DABEF87115BC1A01003ABF29 /* pause@2x.png in Resources */,
				DABEF87315BC1A01003ABF29 /* play@2x.png in Resources */,
				DABEF87615BC1AC2003ABF29 /* shut@2x.png in Resources */,
				5209EAC515BD768E005A0983 /* ImageDetailView.xib in Resources */,
				52BCD66015BECB5A002F73A6 /* icon_ipad.png in Resources */,
				52BCD66215BECB5A002F73A6 /* icon_ipad@2x.png in Resources */,
				52BCD66415BECB5A002F73A6 /* icon_small_ipad.png in Resources */,
				52BCD66615BECB5A002F73A6 /* icon_small.png in Resources */,
				52BCD66815BECB5A002F73A6 /* icon_small@2x.png in Resources */,
				52BCD66A15BECB5A002F73A6 /* icon.png in Resources */,
				52BCD66C15BECB5A002F73A6 /* icon@2x.png in Resources */,
				524E69E015C0145F00374314 /* bubble@2x.png in Resources */,
				52CAA40915C6D51300A42F15 /* album@2x.png in Resources */,
				52CAA40B15C6D51300A42F15 /* flikr@2x.png in Resources */,
				52CAA40D15C6D51300A42F15 /* google@2x.png in Resources */,
				52CAA40F15C6D51300A42F15 /* bing@2x.png in Resources */,
				52102ED915CBFE70003C4115 /* SVProgressHUD.bundle in Resources */,
				DAADDF4415CD019B00E16C89 /* magnet@2x.png in Resources */,
				DA161FCD15CD48F000012633 /* more@2x.png in Resources */,
				DA161FD115CD4A6400012633 /* screenshot@2x.png in Resources */,
			);
			runOnlyForDeploymentPostprocessing = 0;
		};
		DA7726BB15B2E69C008195A1 /* Resources */ = {
			isa = PBXResourcesBuildPhase;
			buildActionMask = 2147483647;
			files = (
				DA7726CC15B2E69C008195A1 /* InfoPlist.strings in Resources */,
				DA7726D515B2E69C008195A1 /* MainStoryboard_iPhone.storyboard in Resources */,
				DA7726D815B2E69C008195A1 /* MainStoryboard_iPad.storyboard in Resources */,
				DABEF86415BBE1A4003ABF29 /* refresh@2x.png in Resources */,
				DABEF86515BBE1A4003ABF29 /* search@2x.png in Resources */,
				DABEF86715BBE1FC003ABF29 /* info@2x.png in Resources */,
				DABEF86915BBE326003ABF29 /* background.jpeg in Resources */,
				DABEF87015BC1A01003ABF29 /* pause@2x.png in Resources */,
				DABEF87215BC1A01003ABF29 /* play@2x.png in Resources */,
				DABEF87515BC1AC2003ABF29 /* shut@2x.png in Resources */,
				5209EAC415BD768E005A0983 /* ImageDetailView.xib in Resources */,
				52BCD65F15BECB5A002F73A6 /* icon_ipad.png in Resources */,
				52BCD66115BECB5A002F73A6 /* icon_ipad@2x.png in Resources */,
				52BCD66315BECB5A002F73A6 /* icon_small_ipad.png in Resources */,
				52BCD66515BECB5A002F73A6 /* icon_small.png in Resources */,
				52BCD66715BECB5A002F73A6 /* icon_small@2x.png in Resources */,
				52BCD66915BECB5A002F73A6 /* icon.png in Resources */,
				52BCD66B15BECB5A002F73A6 /* icon@2x.png in Resources */,
				524E69DF15C0145F00374314 /* bubble@2x.png in Resources */,
				52CAA40815C6D51300A42F15 /* album@2x.png in Resources */,
				52CAA40A15C6D51300A42F15 /* flikr@2x.png in Resources */,
				52CAA40C15C6D51300A42F15 /* google@2x.png in Resources */,
				52CAA40E15C6D51300A42F15 /* bing@2x.png in Resources */,
				52102ED815CBFE70003C4115 /* SVProgressHUD.bundle in Resources */,
				DAADDF4315CD019B00E16C89 /* magnet@2x.png in Resources */,
				DA161FCC15CD48F000012633 /* more@2x.png in Resources */,
				DA161FD015CD4A6400012633 /* screenshot@2x.png in Resources */,
			);
			runOnlyForDeploymentPostprocessing = 0;
		};
/* End PBXResourcesBuildPhase section */

/* Begin PBXShellScriptBuildPhase section */
		5200BB0F15B59DDD00794705 /* ShellScript */ = {
			isa = PBXShellScriptBuildPhase;
			buildActionMask = 2147483647;
			files = (
			);
			inputPaths = (
			);
			outputPaths = (
			);
			runOnlyForDeploymentPostprocessing = 0;
			shellPath = /bin/sh;
			shellScript = "mogenerator -m Database.xcdatamodeld/Database.xcdatamodel --template-var arc=true";
		};
		52AF9A5515B42879008FC1CC /* ShellScript */ = {
			isa = PBXShellScriptBuildPhase;
			buildActionMask = 2147483647;
			files = (
			);
			inputPaths = (
			);
			outputPaths = (
			);
			runOnlyForDeploymentPostprocessing = 0;
			shellPath = /bin/sh;
			shellScript = "mogenerator -m Database.xcdatamodeld/Database.xcdatamodel --template-var arc=true";
		};
/* End PBXShellScriptBuildPhase section */

/* Begin PBXSourcesBuildPhase section */
		5200BB1015B59DDD00794705 /* Sources */ = {
			isa = PBXSourcesBuildPhase;
			buildActionMask = 2147483647;
			files = (
				5200BB1315B59DDD00794705 /* ViewController.mm in Sources */,
				5200BB1415B59DDD00794705 /* Database.xcdatamodeld in Sources */,
				5200BB1515B59DDD00794705 /* _SearchResult.m in Sources */,
				5200BB1615B59DDD00794705 /* SearchResult.m in Sources */,
				5200BB1715B59DDD00794705 /* configureRestKit.m in Sources */,
				5200BB1A15B59DDD00794705 /* BingPaginator.m in Sources */,
				5200BBA315B5AB6E00794705 /* main.m in Sources */,
				5200BBA615B5AC7F00794705 /* DataProviderTest.m in Sources */,
				52FF605415B6D4B700958C5C /* PhysicalView.mm in Sources */,
				52FF605815B6DA6300958C5C /* PlanetView.mm in Sources */,
				52FF605C15B6DA7600958C5C /* PhysicalImageView.mm in Sources */,
				DABEF86D15BC1748003ABF29 /* RoundMenuView.m in Sources */,
				5209EABD15BD6F07005A0983 /* PhysicalWorldView.mm in Sources */,
				5209EAC215BD7647005A0983 /* ImageDetailView.m in Sources */,
				52BCD62215BE7B11002F73A6 /* GPUImageBubbleFilter.m in Sources */,
				52BCD6A115BEDFD6002F73A6 /* InAppPurchaseProvider.m in Sources */,
				52BCD6AD15BEE51F002F73A6 /* InAppPurchaseProvider+SecurityBreach.m in Sources */,
				52FEE83215BFDDC800552FAD /* AssetsPaginator.m in Sources */,
				52FEE83615BFDDE400552FAD /* Paginator.m in Sources */,
				524E69DC15C0074500374314 /* LoadingView.m in Sources */,
				52F77A3415CBB63500358F1D /* FlikrPaginator.m in Sources */,
				52102ED615CBFE68003C4115 /* SVProgressHUD.m in Sources */,
				DAADDF4115CCF61A00E16C89 /* GooglePaginator.m in Sources */,
			);
			runOnlyForDeploymentPostprocessing = 0;
		};
		DA7726B915B2E69C008195A1 /* Sources */ = {
			isa = PBXSourcesBuildPhase;
			buildActionMask = 2147483647;
			files = (
				DA7726CE15B2E69C008195A1 /* main.m in Sources */,
				DA7726D215B2E69C008195A1 /* AppDelegate.m in Sources */,
				DA7726DB15B2E69C008195A1 /* ViewController.mm in Sources */,
				52AF9A4D15B42826008FC1CC /* Database.xcdatamodeld in Sources */,
				52AF9A5815B42980008FC1CC /* _SearchResult.m in Sources */,
				52AF9A5B15B4298A008FC1CC /* SearchResult.m in Sources */,
				52AF9A5E15B429F2008FC1CC /* configureRestKit.m in Sources */,
				52F773EA15B58868006D416F /* BingPaginator.m in Sources */,
				52FF605315B6D4B700958C5C /* PhysicalView.mm in Sources */,
				52FF605715B6DA6300958C5C /* PlanetView.mm in Sources */,
				52FF605B15B6DA7600958C5C /* PhysicalImageView.mm in Sources */,
				DABEF86C15BC1748003ABF29 /* RoundMenuView.m in Sources */,
				5209EABC15BD6F07005A0983 /* PhysicalWorldView.mm in Sources */,
				5209EAC115BD7647005A0983 /* ImageDetailView.m in Sources */,
				52BCD62115BE7B11002F73A6 /* GPUImageBubbleFilter.m in Sources */,
				52BCD6A015BEDFD6002F73A6 /* InAppPurchaseProvider.m in Sources */,
				52BCD6AC15BEE51F002F73A6 /* InAppPurchaseProvider+SecurityBreach.m in Sources */,
				52FEE83115BFDDC800552FAD /* AssetsPaginator.m in Sources */,
				52FEE83515BFDDE400552FAD /* Paginator.m in Sources */,
				524E69DB15C0074500374314 /* LoadingView.m in Sources */,
				52F77A3315CBB63500358F1D /* FlikrPaginator.m in Sources */,
				52102ED515CBFE68003C4115 /* SVProgressHUD.m in Sources */,
				DAADDF4015CCF61A00E16C89 /* GooglePaginator.m in Sources */,
			);
			runOnlyForDeploymentPostprocessing = 0;
		};
/* End PBXSourcesBuildPhase section */

/* Begin PBXVariantGroup section */
		5200BAFC15B59DC300794705 /* InfoPlist.strings */ = {
			isa = PBXVariantGroup;
			children = (
				5200BAFD15B59DC300794705 /* en */,
			);
			name = InfoPlist.strings;
			sourceTree = "<group>";
		};
		DA7726CA15B2E69C008195A1 /* InfoPlist.strings */ = {
			isa = PBXVariantGroup;
			children = (
				DA7726CB15B2E69C008195A1 /* en */,
			);
			name = InfoPlist.strings;
			path = app;
			sourceTree = "<group>";
		};
		DA7726D315B2E69C008195A1 /* MainStoryboard_iPhone.storyboard */ = {
			isa = PBXVariantGroup;
			children = (
				DA7726D415B2E69C008195A1 /* en */,
			);
			name = MainStoryboard_iPhone.storyboard;
			path = app;
			sourceTree = "<group>";
		};
		DA7726D615B2E69C008195A1 /* MainStoryboard_iPad.storyboard */ = {
			isa = PBXVariantGroup;
			children = (
				DA7726D715B2E69C008195A1 /* en */,
			);
			name = MainStoryboard_iPad.storyboard;
			path = app;
			sourceTree = "<group>";
		};
/* End PBXVariantGroup section */

/* Begin XCBuildConfiguration section */
		5200BB2F15B59DDD00794705 /* Debug */ = {
			isa = XCBuildConfiguration;
			buildSettings = {
				FRAMEWORK_SEARCH_PATHS = (
					"$(inherited)",
					"\"$(SRCROOT)\"",
				);
				GCC_PRECOMPILE_PREFIX_HEADER = YES;
				GCC_PREFIX_HEADER = "app/app-Prefix.pch";
				HEADER_SEARCH_PATHS = (
					../box2d,
					"\"$(BUILT_PRODUCTS_DIR)/../../Headers\"",
					../SDWebImage,
				);
				INFOPLIST_FILE = "app copy-Info.plist";
				LIBRARY_SEARCH_PATHS = (
					"$(inherited)",
					"\"$(SRCROOT)/FlurryAnalytics\"",
					"\"$(SRCROOT)/FlurryAppCircle\"",
				);
				OTHER_LDFLAGS = (
					"-all_load",
					"-ObjC",
				);
				PRODUCT_NAME = "app copy";
				WRAPPER_EXTENSION = app;
			};
			name = Debug;
		};
		5200BB3015B59DDD00794705 /* Release */ = {
			isa = XCBuildConfiguration;
			buildSettings = {
				FRAMEWORK_SEARCH_PATHS = (
					"$(inherited)",
					"\"$(SRCROOT)\"",
				);
				GCC_PRECOMPILE_PREFIX_HEADER = YES;
				GCC_PREFIX_HEADER = "app/app-Prefix.pch";
				HEADER_SEARCH_PATHS = (
					../box2d,
					"\"$(BUILT_PRODUCTS_DIR)/../../Headers\"",
					../SDWebImage,
				);
				INFOPLIST_FILE = "app copy-Info.plist";
				LIBRARY_SEARCH_PATHS = (
					"$(inherited)",
					"\"$(SRCROOT)/FlurryAnalytics\"",
					"\"$(SRCROOT)/FlurryAppCircle\"",
				);
				OTHER_LDFLAGS = (
					"-all_load",
					"-ObjC",
				);
				PRODUCT_NAME = "app copy";
				WRAPPER_EXTENSION = app;
			};
			name = Release;
		};
		DA7726DC15B2E69C008195A1 /* Debug */ = {
			isa = XCBuildConfiguration;
			buildSettings = {
				ALWAYS_SEARCH_USER_PATHS = NO;
				ARCHS = "$(ARCHS_STANDARD_32_BIT)";
				CLANG_ENABLE_OBJC_ARC = YES;
				CODE_SIGN_IDENTITY = "iPhone Developer";
				"CODE_SIGN_IDENTITY[sdk=iphoneos*]" = "iPhone Developer";
				COPY_PHASE_STRIP = NO;
				GCC_C_LANGUAGE_STANDARD = gnu99;
				GCC_DYNAMIC_NO_PIC = NO;
				GCC_OPTIMIZATION_LEVEL = 0;
				GCC_PREPROCESSOR_DEFINITIONS = (
					"DEBUG=1",
					"$(inherited)",
				);
				GCC_SYMBOLS_PRIVATE_EXTERN = NO;
				GCC_VERSION = com.apple.compilers.llvm.clang.1_0;
				GCC_WARN_ABOUT_RETURN_TYPE = YES;
				GCC_WARN_UNINITIALIZED_AUTOS = YES;
				GCC_WARN_UNUSED_VARIABLE = YES;
				IPHONEOS_DEPLOYMENT_TARGET = 5.1;
				PROVISIONING_PROFILE = "";
				SDKROOT = iphoneos;
				TARGETED_DEVICE_FAMILY = "1,2";
			};
			name = Debug;
		};
		DA7726DD15B2E69C008195A1 /* Release */ = {
			isa = XCBuildConfiguration;
			buildSettings = {
				ALWAYS_SEARCH_USER_PATHS = NO;
				ARCHS = "$(ARCHS_STANDARD_32_BIT)";
				CLANG_ENABLE_OBJC_ARC = YES;
				CODE_SIGN_IDENTITY = "iPhone Distribution";
				"CODE_SIGN_IDENTITY[sdk=iphoneos*]" = "iPhone Distribution";
				COPY_PHASE_STRIP = YES;
				GCC_C_LANGUAGE_STANDARD = gnu99;
				GCC_VERSION = com.apple.compilers.llvm.clang.1_0;
				GCC_WARN_ABOUT_RETURN_TYPE = YES;
				GCC_WARN_UNINITIALIZED_AUTOS = YES;
				GCC_WARN_UNUSED_VARIABLE = YES;
				IPHONEOS_DEPLOYMENT_TARGET = 5.1;
				OTHER_CFLAGS = "-DNS_BLOCK_ASSERTIONS=1";
				PROVISIONING_PROFILE = "";
				"PROVISIONING_PROFILE[sdk=iphoneos*]" = "";
				SDKROOT = iphoneos;
				TARGETED_DEVICE_FAMILY = "1,2";
				VALIDATE_PRODUCT = YES;
			};
			name = Release;
		};
		DA7726DF15B2E69C008195A1 /* Debug */ = {
			isa = XCBuildConfiguration;
			buildSettings = {
				GCC_PRECOMPILE_PREFIX_HEADER = YES;
				GCC_PREFIX_HEADER = "app/app-Prefix.pch";
				HEADER_SEARCH_PATHS = (
					../box2d,
					"\"$(BUILT_PRODUCTS_DIR)/../../Headers\"",
					../SDWebImage,
					../ASyncImageView,
					../UDID/Classes,
					"../GPUImage/framework/**",
					../iCarousel,
					../SVProgressHUD,
				);
				INFOPLIST_FILE = "app/app-Info.plist";
				IPHONEOS_DEPLOYMENT_TARGET = 5.0;
				LIBRARY_SEARCH_PATHS = (
					"$(inherited)",
					"\"$(SRCROOT)/../GPUImage/build/Release-iphoneos\"",
					"\"$(SRCROOT)/../../../Library/Developer/Xcode/DerivedData/image-physics-djfsmkmouzmpbqcrnqywjwepeinl/Build/Products/Debug-iphoneos\"",
					"\"$(SRCROOT)/FlurryAnalytics\"",
					"\"$(SRCROOT)/FlurryAppCircle\"",
				);
				OTHER_LDFLAGS = (
					"-all_load",
					"-ObjC",
				);
				PRODUCT_NAME = Imagenetic;
				WRAPPER_EXTENSION = app;
			};
			name = Debug;
		};
		DA7726E015B2E69C008195A1 /* Release */ = {
			isa = XCBuildConfiguration;
			buildSettings = {
				GCC_PRECOMPILE_PREFIX_HEADER = YES;
				GCC_PREFIX_HEADER = "app/app-Prefix.pch";
				HEADER_SEARCH_PATHS = (
					../box2d,
					"\"$(BUILT_PRODUCTS_DIR)/../../Headers\"",
					../SDWebImage,
					../ASyncImageView,
					../UDID/Classes,
					"../GPUImage/framework/**",
					../iCarousel,
					../SVProgressHUD,
				);
				INFOPLIST_FILE = "app/app-Info.plist";
				IPHONEOS_DEPLOYMENT_TARGET = 5.0;
				LIBRARY_SEARCH_PATHS = (
					"$(inherited)",
					"\"$(SRCROOT)/../GPUImage/build/Release-iphoneos\"",
					"\"$(SRCROOT)/../../../Library/Developer/Xcode/DerivedData/image-physics-djfsmkmouzmpbqcrnqywjwepeinl/Build/Products/Debug-iphoneos\"",
					"\"$(SRCROOT)/FlurryAnalytics\"",
					"\"$(SRCROOT)/FlurryAppCircle\"",
				);
				OTHER_LDFLAGS = (
					"-all_load",
					"-ObjC",
				);
				PRODUCT_NAME = Imagenetic;
				WRAPPER_EXTENSION = app;
			};
			name = Release;
		};
/* End XCBuildConfiguration section */

/* Begin XCConfigurationList section */
		5200BB2E15B59DDD00794705 /* Build configuration list for PBXNativeTarget "Tests" */ = {
			isa = XCConfigurationList;
			buildConfigurations = (
				5200BB2F15B59DDD00794705 /* Debug */,
				5200BB3015B59DDD00794705 /* Release */,
			);
			defaultConfigurationIsVisible = 0;
			defaultConfigurationName = Release;
		};
		DA7726B715B2E69B008195A1 /* Build configuration list for PBXProject "app" */ = {
			isa = XCConfigurationList;
			buildConfigurations = (
				DA7726DC15B2E69C008195A1 /* Debug */,
				DA7726DD15B2E69C008195A1 /* Release */,
			);
			defaultConfigurationIsVisible = 0;
			defaultConfigurationName = Release;
		};
		DA7726DE15B2E69C008195A1 /* Build configuration list for PBXNativeTarget "app" */ = {
			isa = XCConfigurationList;
			buildConfigurations = (
				DA7726DF15B2E69C008195A1 /* Debug */,
				DA7726E015B2E69C008195A1 /* Release */,
			);
			defaultConfigurationIsVisible = 0;
			defaultConfigurationName = Release;
		};
/* End XCConfigurationList section */

/* Begin XCVersionGroup section */
		52AF9A4B15B42826008FC1CC /* Database.xcdatamodeld */ = {
			isa = XCVersionGroup;
			children = (
				52AF9A4C15B42826008FC1CC /* Database.xcdatamodel */,
			);
			currentVersion = 52AF9A4C15B42826008FC1CC /* Database.xcdatamodel */;
			path = Database.xcdatamodeld;
			sourceTree = "<group>";
			versionGroupType = wrapper.xcdatamodel;
		};
/* End XCVersionGroup section */
	};
	rootObject = DA7726B415B2E69B008195A1 /* Project object */;
}
